// !$*UTF8*$!
{
	archiveVersion = 1;
	classes = {
	};
	objectVersion = 55;
	objects = {

/* Begin PBXBuildFile section */
		749704D229263ED9006630CE /* AppDelegate.swift in Sources */ = {isa = PBXBuildFile; fileRef = 749704D129263ED9006630CE /* AppDelegate.swift */; };
		749704D429263ED9006630CE /* SceneDelegate.swift in Sources */ = {isa = PBXBuildFile; fileRef = 749704D329263ED9006630CE /* SceneDelegate.swift */; };
		749704D929263ED9006630CE /* Main.storyboard in Resources */ = {isa = PBXBuildFile; fileRef = 749704D729263ED9006630CE /* Main.storyboard */; };
		749704DB29263EDC006630CE /* Assets.xcassets in Resources */ = {isa = PBXBuildFile; fileRef = 749704DA29263EDC006630CE /* Assets.xcassets */; };
		749704DE29263EDC006630CE /* LaunchScreen.storyboard in Resources */ = {isa = PBXBuildFile; fileRef = 749704DC29263EDC006630CE /* LaunchScreen.storyboard */; };
		74A71AA52933B25100F86E2B /* UIViewControllerExt.swift in Sources */ = {isa = PBXBuildFile; fileRef = 74A71AA42933B25100F86E2B /* UIViewControllerExt.swift */; };
		74DCE6392933BF2A00891BAD /* VerificationsVC.swift in Sources */ = {isa = PBXBuildFile; fileRef = 74DCE6382933BF2A00891BAD /* VerificationsVC.swift */; };
		74DCE63B2933BFB800891BAD /* UserModel.swift in Sources */ = {isa = PBXBuildFile; fileRef = 74DCE63A2933BFB800891BAD /* UserModel.swift */; };
		74DCE63D2933D94D00891BAD /* WelcomeVC.swift in Sources */ = {isa = PBXBuildFile; fileRef = 74DCE63C2933D94D00891BAD /* WelcomeVC.swift */; };
		74DCE63F2933DC3800891BAD /* UserDefaultService.swift in Sources */ = {isa = PBXBuildFile; fileRef = 74DCE63E2933DC3800891BAD /* UserDefaultService.swift */; };
		74DCE6412933DD6900891BAD /* UserDefaultsExt.swift in Sources */ = {isa = PBXBuildFile; fileRef = 74DCE6402933DD6900891BAD /* UserDefaultsExt.swift */; };
		74DCE6432933EFBD00891BAD /* ProfileVC.swift in Sources */ = {isa = PBXBuildFile; fileRef = 74DCE6422933EFBD00891BAD /* ProfileVC.swift */; };
		74F0546229265277007DC70C /* SignInStoryboard.storyboard in Resources */ = {isa = PBXBuildFile; fileRef = 74F0546129265277007DC70C /* SignInStoryboard.storyboard */; };
		74F054642926B00F007DC70C /* SignUpStoryboard.storyboard in Resources */ = {isa = PBXBuildFile; fileRef = 74F054632926B00F007DC70C /* SignUpStoryboard.storyboard */; };
		74F054662926C445007DC70C /* SignInViewController.swift in Sources */ = {isa = PBXBuildFile; fileRef = 74F054652926C445007DC70C /* SignInViewController.swift */; };
		74F054682926C464007DC70C /* CreateAccountViewController.swift in Sources */ = {isa = PBXBuildFile; fileRef = 74F054672926C464007DC70C /* CreateAccountViewController.swift */; };
		74F0546B2926D391007DC70C /* VerificationService.swift in Sources */ = {isa = PBXBuildFile; fileRef = 74F0546A2926D391007DC70C /* VerificationService.swift */; };
/* End PBXBuildFile section */

/* Begin PBXFileReference section */
		749704CE29263ED8006630CE /* RegistrationApp.app */ = {isa = PBXFileReference; explicitFileType = wrapper.application; includeInIndex = 0; path = RegistrationApp.app; sourceTree = BUILT_PRODUCTS_DIR; };
		749704D129263ED9006630CE /* AppDelegate.swift */ = {isa = PBXFileReference; lastKnownFileType = sourcecode.swift; path = AppDelegate.swift; sourceTree = "<group>"; };
		749704D329263ED9006630CE /* SceneDelegate.swift */ = {isa = PBXFileReference; lastKnownFileType = sourcecode.swift; path = SceneDelegate.swift; sourceTree = "<group>"; };
		749704D829263ED9006630CE /* Base */ = {isa = PBXFileReference; lastKnownFileType = file.storyboard; name = Base; path = Base.lproj/Main.storyboard; sourceTree = "<group>"; };
		749704DA29263EDC006630CE /* Assets.xcassets */ = {isa = PBXFileReference; lastKnownFileType = folder.assetcatalog; path = Assets.xcassets; sourceTree = "<group>"; };
		749704DD29263EDC006630CE /* Base */ = {isa = PBXFileReference; lastKnownFileType = file.storyboard; name = Base; path = Base.lproj/LaunchScreen.storyboard; sourceTree = "<group>"; };
		749704DF29263EDC006630CE /* Info.plist */ = {isa = PBXFileReference; lastKnownFileType = text.plist.xml; path = Info.plist; sourceTree = "<group>"; };
		74A71AA42933B25100F86E2B /* UIViewControllerExt.swift */ = {isa = PBXFileReference; lastKnownFileType = sourcecode.swift; path = UIViewControllerExt.swift; sourceTree = "<group>"; };
		74DCE6382933BF2A00891BAD /* VerificationsVC.swift */ = {isa = PBXFileReference; lastKnownFileType = sourcecode.swift; path = VerificationsVC.swift; sourceTree = "<group>"; };
		74DCE63A2933BFB800891BAD /* UserModel.swift */ = {isa = PBXFileReference; lastKnownFileType = sourcecode.swift; path = UserModel.swift; sourceTree = "<group>"; };
		74DCE63C2933D94D00891BAD /* WelcomeVC.swift */ = {isa = PBXFileReference; lastKnownFileType = sourcecode.swift; path = WelcomeVC.swift; sourceTree = "<group>"; };
		74DCE63E2933DC3800891BAD /* UserDefaultService.swift */ = {isa = PBXFileReference; lastKnownFileType = sourcecode.swift; path = UserDefaultService.swift; sourceTree = "<group>"; };
		74DCE6402933DD6900891BAD /* UserDefaultsExt.swift */ = {isa = PBXFileReference; lastKnownFileType = sourcecode.swift; path = UserDefaultsExt.swift; sourceTree = "<group>"; };
		74DCE6422933EFBD00891BAD /* ProfileVC.swift */ = {isa = PBXFileReference; lastKnownFileType = sourcecode.swift; path = ProfileVC.swift; sourceTree = "<group>"; };
		74F0546129265277007DC70C /* SignInStoryboard.storyboard */ = {isa = PBXFileReference; lastKnownFileType = file.storyboard; path = SignInStoryboard.storyboard; sourceTree = "<group>"; };
		74F054632926B00F007DC70C /* SignUpStoryboard.storyboard */ = {isa = PBXFileReference; lastKnownFileType = file.storyboard; path = SignUpStoryboard.storyboard; sourceTree = "<group>"; };
		74F054652926C445007DC70C /* SignInViewController.swift */ = {isa = PBXFileReference; lastKnownFileType = sourcecode.swift; path = SignInViewController.swift; sourceTree = "<group>"; };
		74F054672926C464007DC70C /* CreateAccountViewController.swift */ = {isa = PBXFileReference; lastKnownFileType = sourcecode.swift; path = CreateAccountViewController.swift; sourceTree = "<group>"; };
		74F0546A2926D391007DC70C /* VerificationService.swift */ = {isa = PBXFileReference; lastKnownFileType = sourcecode.swift; path = VerificationService.swift; sourceTree = "<group>"; };
/* End PBXFileReference section */

/* Begin PBXFrameworksBuildPhase section */
		749704CB29263ED8006630CE /* Frameworks */ = {
			isa = PBXFrameworksBuildPhase;
			buildActionMask = 2147483647;
			files = (
			);
			runOnlyForDeploymentPostprocessing = 0;
		};
/* End PBXFrameworksBuildPhase section */

/* Begin PBXGroup section */
		749704C529263ED8006630CE = {
			isa = PBXGroup;
			children = (
				749704D029263ED8006630CE /* RegistrationApp */,
				749704CF29263ED8006630CE /* Products */,
			);
			sourceTree = "<group>";
		};
		749704CF29263ED8006630CE /* Products */ = {
			isa = PBXGroup;
			children = (
				749704CE29263ED8006630CE /* RegistrationApp.app */,
			);
			name = Products;
			sourceTree = "<group>";
		};
		749704D029263ED8006630CE /* RegistrationApp */ = {
			isa = PBXGroup;
			children = (
				74F0545E29265086007DC70C /* Models */,
				74F054692926D2F8007DC70C /* Services */,
				74F0546029265109007DC70C /* Controllers */,
				74F0545F292650E1007DC70C /* Views */,
				749704DA29263EDC006630CE /* Assets.xcassets */,
				74A71AA32933B20500F86E2B /* Extensions */,
				749704DC29263EDC006630CE /* LaunchScreen.storyboard */,
				74F0545D29265005007DC70C /* AppDelegates */,
				749704DF29263EDC006630CE /* Info.plist */,
			);
			path = RegistrationApp;
			sourceTree = "<group>";
		};
		74A71AA32933B20500F86E2B /* Extensions */ = {
			isa = PBXGroup;
			children = (
				74A71AA42933B25100F86E2B /* UIViewControllerExt.swift */,
				74DCE6402933DD6900891BAD /* UserDefaultsExt.swift */,
			);
			path = Extensions;
			sourceTree = "<group>";
		};
		74F0545D29265005007DC70C /* AppDelegates */ = {
			isa = PBXGroup;
			children = (
				749704D129263ED9006630CE /* AppDelegate.swift */,
				749704D329263ED9006630CE /* SceneDelegate.swift */,
			);
			path = AppDelegates;
			sourceTree = "<group>";
		};
		74F0545E29265086007DC70C /* Models */ = {
			isa = PBXGroup;
			children = (
				74DCE63A2933BFB800891BAD /* UserModel.swift */,
			);
			path = Models;
			sourceTree = "<group>";
		};
		74F0545F292650E1007DC70C /* Views */ = {
			isa = PBXGroup;
			children = (
				74F0546129265277007DC70C /* SignInStoryboard.storyboard */,
				74F054632926B00F007DC70C /* SignUpStoryboard.storyboard */,
				749704D729263ED9006630CE /* Main.storyboard */,
			);
			path = Views;
			sourceTree = "<group>";
		};
		74F0546029265109007DC70C /* Controllers */ = {
			isa = PBXGroup;
			children = (
				74F054652926C445007DC70C /* SignInViewController.swift */,
				74F054672926C464007DC70C /* CreateAccountViewController.swift */,
				74DCE6382933BF2A00891BAD /* VerificationsVC.swift */,
				74DCE63C2933D94D00891BAD /* WelcomeVC.swift */,
				74DCE6422933EFBD00891BAD /* ProfileVC.swift */,
			);
			path = Controllers;
			sourceTree = "<group>";
		};
		74F054692926D2F8007DC70C /* Services */ = {
			isa = PBXGroup;
			children = (
				74F0546A2926D391007DC70C /* VerificationService.swift */,
				74DCE63E2933DC3800891BAD /* UserDefaultService.swift */,
			);
			path = Services;
			sourceTree = "<group>";
		};
/* End PBXGroup section */

/* Begin PBXNativeTarget section */
		749704CD29263ED8006630CE /* RegistrationApp */ = {
			isa = PBXNativeTarget;
			buildConfigurationList = 749704E229263EDC006630CE /* Build configuration list for PBXNativeTarget "RegistrationApp" */;
			buildPhases = (
				749704CA29263ED8006630CE /* Sources */,
				749704CB29263ED8006630CE /* Frameworks */,
				749704CC29263ED8006630CE /* Resources */,
			);
			buildRules = (
			);
			dependencies = (
			);
			name = RegistrationApp;
			productName = RegistrationApp;
			productReference = 749704CE29263ED8006630CE /* RegistrationApp.app */;
			productType = "com.apple.product-type.application";
		};
/* End PBXNativeTarget section */

/* Begin PBXProject section */
		749704C629263ED8006630CE /* Project object */ = {
			isa = PBXProject;
			attributes = {
				BuildIndependentTargetsInParallel = 1;
				LastSwiftUpdateCheck = 1320;
				LastUpgradeCheck = 1320;
				TargetAttributes = {
					749704CD29263ED8006630CE = {
						CreatedOnToolsVersion = 13.2.1;
					};
				};
			};
			buildConfigurationList = 749704C929263ED8006630CE /* Build configuration list for PBXProject "RegistrationApp" */;
			compatibilityVersion = "Xcode 13.0";
			developmentRegion = en;
			hasScannedForEncodings = 0;
			knownRegions = (
				en,
				Base,
			);
			mainGroup = 749704C529263ED8006630CE;
			productRefGroup = 749704CF29263ED8006630CE /* Products */;
			projectDirPath = "";
			projectRoot = "";
			targets = (
				749704CD29263ED8006630CE /* RegistrationApp */,
			);
		};
/* End PBXProject section */

/* Begin PBXResourcesBuildPhase section */
		749704CC29263ED8006630CE /* Resources */ = {
			isa = PBXResourcesBuildPhase;
			buildActionMask = 2147483647;
			files = (
				74F054642926B00F007DC70C /* SignUpStoryboard.storyboard in Resources */,
				749704DE29263EDC006630CE /* LaunchScreen.storyboard in Resources */,
				749704DB29263EDC006630CE /* Assets.xcassets in Resources */,
				749704D929263ED9006630CE /* Main.storyboard in Resources */,
				74F0546229265277007DC70C /* SignInStoryboard.storyboard in Resources */,
			);
			runOnlyForDeploymentPostprocessing = 0;
		};
/* End PBXResourcesBuildPhase section */

/* Begin PBXSourcesBuildPhase section */
		749704CA29263ED8006630CE /* Sources */ = {
			isa = PBXSourcesBuildPhase;
			buildActionMask = 2147483647;
			files = (
				74DCE6432933EFBD00891BAD /* ProfileVC.swift in Sources */,
				74F054682926C464007DC70C /* CreateAccountViewController.swift in Sources */,
				74DCE6392933BF2A00891BAD /* VerificationsVC.swift in Sources */,
				74DCE63B2933BFB800891BAD /* UserModel.swift in Sources */,
				74F0546B2926D391007DC70C /* VerificationService.swift in Sources */,
				74DCE6412933DD6900891BAD /* UserDefaultsExt.swift in Sources */,
				74A71AA52933B25100F86E2B /* UIViewControllerExt.swift in Sources */,
				749704D229263ED9006630CE /* AppDelegate.swift in Sources */,
				74DCE63D2933D94D00891BAD /* WelcomeVC.swift in Sources */,
				749704D429263ED9006630CE /* SceneDelegate.swift in Sources */,
				74DCE63F2933DC3800891BAD /* UserDefaultService.swift in Sources */,
				74F054662926C445007DC70C /* SignInViewController.swift in Sources */,
			);
			runOnlyForDeploymentPostprocessing = 0;
		};
/* End PBXSourcesBuildPhase section */

/* Begin PBXVariantGroup section */
		749704D729263ED9006630CE /* Main.storyboard */ = {
			isa = PBXVariantGroup;
			children = (
				749704D829263ED9006630CE /* Base */,
			);
			name = Main.storyboard;
			sourceTree = "<group>";
		};
		749704DC29263EDC006630CE /* LaunchScreen.storyboard */ = {
			isa = PBXVariantGroup;
			children = (
				749704DD29263EDC006630CE /* Base */,
			);
			name = LaunchScreen.storyboard;
			sourceTree = "<group>";
		};
/* End PBXVariantGroup section */

/* Begin XCBuildConfiguration section */
		749704E029263EDC006630CE /* Debug */ = {
			isa = XCBuildConfiguration;
			buildSettings = {
				ALWAYS_SEARCH_USER_PATHS = NO;
				CLANG_ANALYZER_NONNULL = YES;
				CLANG_ANALYZER_NUMBER_OBJECT_CONVERSION = YES_AGGRESSIVE;
				CLANG_CXX_LANGUAGE_STANDARD = "gnu++17";
				CLANG_CXX_LIBRARY = "libc++";
				CLANG_ENABLE_MODULES = YES;
				CLANG_ENABLE_OBJC_ARC = YES;
				CLANG_ENABLE_OBJC_WEAK = YES;
				CLANG_WARN_BLOCK_CAPTURE_AUTORELEASING = YES;
				CLANG_WARN_BOOL_CONVERSION = YES;
				CLANG_WARN_COMMA = YES;
				CLANG_WARN_CONSTANT_CONVERSION = YES;
				CLANG_WARN_DEPRECATED_OBJC_IMPLEMENTATIONS = YES;
				CLANG_WARN_DIRECT_OBJC_ISA_USAGE = YES_ERROR;
				CLANG_WARN_DOCUMENTATION_COMMENTS = YES;
				CLANG_WARN_EMPTY_BODY = YES;
				CLANG_WARN_ENUM_CONVERSION = YES;
				CLANG_WARN_INFINITE_RECURSION = YES;
				CLANG_WARN_INT_CONVERSION = YES;
				CLANG_WARN_NON_LITERAL_NULL_CONVERSION = YES;
				CLANG_WARN_OBJC_IMPLICIT_RETAIN_SELF = YES;
				CLANG_WARN_OBJC_LITERAL_CONVERSION = YES;
				CLANG_WARN_OBJC_ROOT_CLASS = YES_ERROR;
				CLANG_WARN_QUOTED_INCLUDE_IN_FRAMEWORK_HEADER = YES;
				CLANG_WARN_RANGE_LOOP_ANALYSIS = YES;
				CLANG_WARN_STRICT_PROTOTYPES = YES;
				CLANG_WARN_SUSPICIOUS_MOVE = YES;
				CLANG_WARN_UNGUARDED_AVAILABILITY = YES_AGGRESSIVE;
				CLANG_WARN_UNREACHABLE_CODE = YES;
				CLANG_WARN__DUPLICATE_METHOD_MATCH = YES;
				COPY_PHASE_STRIP = NO;
				DEBUG_INFORMATION_FORMAT = dwarf;
				ENABLE_STRICT_OBJC_MSGSEND = YES;
				ENABLE_TESTABILITY = YES;
				GCC_C_LANGUAGE_STANDARD = gnu11;
				GCC_DYNAMIC_NO_PIC = NO;
				GCC_NO_COMMON_BLOCKS = YES;
				GCC_OPTIMIZATION_LEVEL = 0;
				GCC_PREPROCESSOR_DEFINITIONS = (
					"DEBUG=1",
					"$(inherited)",
				);
				GCC_WARN_64_TO_32_BIT_CONVERSION = YES;
				GCC_WARN_ABOUT_RETURN_TYPE = YES_ERROR;
				GCC_WARN_UNDECLARED_SELECTOR = YES;
				GCC_WARN_UNINITIALIZED_AUTOS = YES_AGGRESSIVE;
				GCC_WARN_UNUSED_FUNCTION = YES;
				GCC_WARN_UNUSED_VARIABLE = YES;
				IPHONEOS_DEPLOYMENT_TARGET = 15.2;
				MTL_ENABLE_DEBUG_INFO = INCLUDE_SOURCE;
				MTL_FAST_MATH = YES;
				ONLY_ACTIVE_ARCH = YES;
				SDKROOT = iphoneos;
				SWIFT_ACTIVE_COMPILATION_CONDITIONS = DEBUG;
				SWIFT_OPTIMIZATION_LEVEL = "-Onone";
			};
			name = Debug;
		};
		749704E129263EDC006630CE /* Release */ = {
			isa = XCBuildConfiguration;
			buildSettings = {
				ALWAYS_SEARCH_USER_PATHS = NO;
				CLANG_ANALYZER_NONNULL = YES;
				CLANG_ANALYZER_NUMBER_OBJECT_CONVERSION = YES_AGGRESSIVE;
				CLANG_CXX_LANGUAGE_STANDARD = "gnu++17";
				CLANG_CXX_LIBRARY = "libc++";
				CLANG_ENABLE_MODULES = YES;
				CLANG_ENABLE_OBJC_ARC = YES;
				CLANG_ENABLE_OBJC_WEAK = YES;
				CLANG_WARN_BLOCK_CAPTURE_AUTORELEASING = YES;
				CLANG_WARN_BOOL_CONVERSION = YES;
				CLANG_WARN_COMMA = YES;
				CLANG_WARN_CONSTANT_CONVERSION = YES;
				CLANG_WARN_DEPRECATED_OBJC_IMPLEMENTATIONS = YES;
				CLANG_WARN_DIRECT_OBJC_ISA_USAGE = YES_ERROR;
				CLANG_WARN_DOCUMENTATION_COMMENTS = YES;
				CLANG_WARN_EMPTY_BODY = YES;
				CLANG_WARN_ENUM_CONVERSION = YES;
				CLANG_WARN_INFINITE_RECURSION = YES;
				CLANG_WARN_INT_CONVERSION = YES;
				CLANG_WARN_NON_LITERAL_NULL_CONVERSION = YES;
				CLANG_WARN_OBJC_IMPLICIT_RETAIN_SELF = YES;
				CLANG_WARN_OBJC_LITERAL_CONVERSION = YES;
				CLANG_WARN_OBJC_ROOT_CLASS = YES_ERROR;
				CLANG_WARN_QUOTED_INCLUDE_IN_FRAMEWORK_HEADER = YES;
				CLANG_WARN_RANGE_LOOP_ANALYSIS = YES;
				CLANG_WARN_STRICT_PROTOTYPES = YES;
				CLANG_WARN_SUSPICIOUS_MOVE = YES;
				CLANG_WARN_UNGUARDED_AVAILABILITY = YES_AGGRESSIVE;
				CLANG_WARN_UNREACHABLE_CODE = YES;
				CLANG_WARN__DUPLICATE_METHOD_MATCH = YES;
				COPY_PHASE_STRIP = NO;
				DEBUG_INFORMATION_FORMAT = "dwarf-with-dsym";
				ENABLE_NS_ASSERTIONS = NO;
				ENABLE_STRICT_OBJC_MSGSEND = YES;
				GCC_C_LANGUAGE_STANDARD = gnu11;
				GCC_NO_COMMON_BLOCKS = YES;
				GCC_WARN_64_TO_32_BIT_CONVERSION = YES;
				GCC_WARN_ABOUT_RETURN_TYPE = YES_ERROR;
				GCC_WARN_UNDECLARED_SELECTOR = YES;
				GCC_WARN_UNINITIALIZED_AUTOS = YES_AGGRESSIVE;
				GCC_WARN_UNUSED_FUNCTION = YES;
				GCC_WARN_UNUSED_VARIABLE = YES;
				IPHONEOS_DEPLOYMENT_TARGET = 15.2;
				MTL_ENABLE_DEBUG_INFO = NO;
				MTL_FAST_MATH = YES;
				SDKROOT = iphoneos;
				SWIFT_COMPILATION_MODE = wholemodule;
				SWIFT_OPTIMIZATION_LEVEL = "-O";
				VALIDATE_PRODUCT = YES;
			};
			name = Release;
		};
		749704E329263EDC006630CE /* Debug */ = {
			isa = XCBuildConfiguration;
			buildSettings = {
				ASSETCATALOG_COMPILER_APPICON_NAME = AppIcon;
				ASSETCATALOG_COMPILER_GLOBAL_ACCENT_COLOR_NAME = AccentColor;
				CODE_SIGN_STYLE = Automatic;
				CURRENT_PROJECT_VERSION = 1;
				DEVELOPMENT_TEAM = LWK8GSZ2M7;
				GENERATE_INFOPLIST_FILE = YES;
				INFOPLIST_FILE = RegistrationApp/Info.plist;
				INFOPLIST_KEY_UIApplicationSupportsIndirectInputEvents = YES;
				INFOPLIST_KEY_UILaunchStoryboardName = LaunchScreen;
				INFOPLIST_KEY_UIMainStoryboardFile = SignInStoryboard;
				INFOPLIST_KEY_UISupportedInterfaceOrientations = "UIInterfaceOrientationPortrait UIInterfaceOrientationLandscapeLeft UIInterfaceOrientationLandscapeRight";
				INFOPLIST_KEY_UISupportedInterfaceOrientations_iPad = "UIInterfaceOrientationPortrait UIInterfaceOrientationPortraitUpsideDown UIInterfaceOrientationLandscapeLeft UIInterfaceOrientationLandscapeRight";
				INFOPLIST_KEY_UISupportedInterfaceOrientations_iPhone = "UIInterfaceOrientationPortrait UIInterfaceOrientationLandscapeLeft UIInterfaceOrientationLandscapeRight";
				LD_RUNPATH_SEARCH_PATHS = (
					"$(inherited)",
					"@executable_path/Frameworks",
				);
				MARKETING_VERSION = 1.0;
				PRODUCT_BUNDLE_IDENTIFIER = uoknad.RegistrationApp;
				PRODUCT_NAME = "$(TARGET_NAME)";
				SWIFT_EMIT_LOC_STRINGS = YES;
				SWIFT_VERSION = 5.0;
				TARGETED_DEVICE_FAMILY = "1,2";
			};
			name = Debug;
		};
		749704E429263EDC006630CE /* Release */ = {
			isa = XCBuildConfiguration;
			buildSettings = {
				ASSETCATALOG_COMPILER_APPICON_NAME = AppIcon;
				ASSETCATALOG_COMPILER_GLOBAL_ACCENT_COLOR_NAME = AccentColor;
				CODE_SIGN_STYLE = Automatic;
				CURRENT_PROJECT_VERSION = 1;
				DEVELOPMENT_TEAM = LWK8GSZ2M7;
				GENERATE_INFOPLIST_FILE = YES;
				INFOPLIST_FILE = RegistrationApp/Info.plist;
				INFOPLIST_KEY_UIApplicationSupportsIndirectInputEvents = YES;
				INFOPLIST_KEY_UILaunchStoryboardName = LaunchScreen;
				INFOPLIST_KEY_UIMainStoryboardFile = SignInStoryboard;
				INFOPLIST_KEY_UISupportedInterfaceOrientations = "UIInterfaceOrientationPortrait UIInterfaceOrientationLandscapeLeft UIInterfaceOrientationLandscapeRight";
				INFOPLIST_KEY_UISupportedInterfaceOrientations_iPad = "UIInterfaceOrientationPortrait UIInterfaceOrientationPortraitUpsideDown UIInterfaceOrientationLandscapeLeft UIInterfaceOrientationLandscapeRight";
				INFOPLIST_KEY_UISupportedInterfaceOrientations_iPhone = "UIInterfaceOrientationPortrait UIInterfaceOrientationLandscapeLeft UIInterfaceOrientationLandscapeRight";
				LD_RUNPATH_SEARCH_PATHS = (
					"$(inherited)",
					"@executable_path/Frameworks",
				);
				MARKETING_VERSION = 1.0;
				PRODUCT_BUNDLE_IDENTIFIER = uoknad.RegistrationApp;
				PRODUCT_NAME = "$(TARGET_NAME)";
				SWIFT_EMIT_LOC_STRINGS = YES;
				SWIFT_VERSION = 5.0;
				TARGETED_DEVICE_FAMILY = "1,2";
			};
			name = Release;
		};
/* End XCBuildConfiguration section */

/* Begin XCConfigurationList section */
		749704C929263ED8006630CE /* Build configuration list for PBXProject "RegistrationApp" */ = {
			isa = XCConfigurationList;
			buildConfigurations = (
				749704E029263EDC006630CE /* Debug */,
				749704E129263EDC006630CE /* Release */,
			);
			defaultConfigurationIsVisible = 0;
			defaultConfigurationName = Release;
		};
		749704E229263EDC006630CE /* Build configuration list for PBXNativeTarget "RegistrationApp" */ = {
			isa = XCConfigurationList;
			buildConfigurations = (
				749704E329263EDC006630CE /* Debug */,
				749704E429263EDC006630CE /* Release */,
			);
			defaultConfigurationIsVisible = 0;
			defaultConfigurationName = Release;
		};
/* End XCConfigurationList section */
	};
	rootObject = 749704C629263ED8006630CE /* Project object */;
}
